
Microsoft Visual Studio Solution File, Format Version 12.00
# Visual Studio Version 17
VisualStudioVersion = 17.7.34202.233
MinimumVisualStudioVersion = 10.0.40219.1
Project("{FAE04EC0-301F-11D3-BF4B-00C04F79EFBC}") = "CondicoesTres", "CondicoesTres\CondicoesTres.csproj", "{69F68178-79BD-47FA-995D-9E8CF09449E0}"
EndProject
Global
	GlobalSection(SolutionConfigurationPlatforms) = preSolution
		Debug|Any CPU = Debug|Any CPU
		Release|Any CPU = Release|Any CPU
	EndGlobalSection
	GlobalSection(ProjectConfigurationPlatforms) = postSolution
		{69F68178-79BD-47FA-995D-9E8CF09449E0}.Debug|Any CPU.ActiveCfg = Debug|Any CPU
		{69F68178-79BD-47FA-995D-9E8CF09449E0}.Debug|Any CPU.Build.0 = Debug|Any CPU
		{69F68178-79BD-47FA-995D-9E8CF09449E0}.Release|Any CPU.ActiveCfg = Release|Any CPU
		{69F68178-79BD-47FA-995D-9E8CF09449E0}.Release|Any CPU.Build.0 = Release|Any CPU
	EndGlobalSection
	GlobalSection(SolutionProperties) = preSolution
		HideSolutionNode = FALSE
	EndGlobalSection
	GlobalSection(ExtensibilityGlobals) = postSolution
		SolutionGuid = {36ED75D2-F738-4618-9814-B07275854375}
	EndGlobalSection
EndGlobal
