
Microsoft Visual Studio Solution File, Format Version 12.00
# Visual Studio Version 17
VisualStudioVersion = 17.7.34202.233
MinimumVisualStudioVersion = 10.0.40219.1
Project("{FAE04EC0-301F-11D3-BF4B-00C04F79EFBC}") = "Debugging", "Debugging\Debugging.csproj", "{36379A75-8D91-47CD-8F01-53E4EF1F69D6}"
EndProject
Global
	GlobalSection(SolutionConfigurationPlatforms) = preSolution
		Debug|Any CPU = Debug|Any CPU
		Release|Any CPU = Release|Any CPU
	EndGlobalSection
	GlobalSection(ProjectConfigurationPlatforms) = postSolution
		{36379A75-8D91-47CD-8F01-53E4EF1F69D6}.Debug|Any CPU.ActiveCfg = Debug|Any CPU
		{36379A75-8D91-47CD-8F01-53E4EF1F69D6}.Debug|Any CPU.Build.0 = Debug|Any CPU
		{36379A75-8D91-47CD-8F01-53E4EF1F69D6}.Release|Any CPU.ActiveCfg = Release|Any CPU
		{36379A75-8D91-47CD-8F01-53E4EF1F69D6}.Release|Any CPU.Build.0 = Release|Any CPU
	EndGlobalSection
	GlobalSection(SolutionProperties) = preSolution
		HideSolutionNode = FALSE
	EndGlobalSection
	GlobalSection(ExtensibilityGlobals) = postSolution
		SolutionGuid = {34C6FE6A-7547-45C3-9C85-356D7A2B9BE0}
	EndGlobalSection
EndGlobal
