
Microsoft Visual Studio Solution File, Format Version 12.00
# Visual Studio Version 17
VisualStudioVersion = 17.7.34202.233
MinimumVisualStudioVersion = 10.0.40219.1
Project("{FAE04EC0-301F-11D3-BF4B-00C04F79EFBC}") = "SaidaDados", "SaidaDados\SaidaDados.csproj", "{956A6456-88CF-4A65-84CF-0030C31F3F56}"
EndProject
Global
	GlobalSection(SolutionConfigurationPlatforms) = preSolution
		Debug|Any CPU = Debug|Any CPU
		Release|Any CPU = Release|Any CPU
	EndGlobalSection
	GlobalSection(ProjectConfigurationPlatforms) = postSolution
		{956A6456-88CF-4A65-84CF-0030C31F3F56}.Debug|Any CPU.ActiveCfg = Debug|Any CPU
		{956A6456-88CF-4A65-84CF-0030C31F3F56}.Debug|Any CPU.Build.0 = Debug|Any CPU
		{956A6456-88CF-4A65-84CF-0030C31F3F56}.Release|Any CPU.ActiveCfg = Release|Any CPU
		{956A6456-88CF-4A65-84CF-0030C31F3F56}.Release|Any CPU.Build.0 = Release|Any CPU
	EndGlobalSection
	GlobalSection(SolutionProperties) = preSolution
		HideSolutionNode = FALSE
	EndGlobalSection
	GlobalSection(ExtensibilityGlobals) = postSolution
		SolutionGuid = {03809DC3-CC63-473A-9BCA-DE71DDA1BA60}
	EndGlobalSection
EndGlobal
