
Microsoft Visual Studio Solution File, Format Version 12.00
# Visual Studio Version 17
VisualStudioVersion = 17.7.34202.233
MinimumVisualStudioVersion = 10.0.40219.1
Project("{FAE04EC0-301F-11D3-BF4B-00C04F79EFBC}") = "OperadoresAritmeticos", "OperadoresAritmeticos\OperadoresAritmeticos.csproj", "{83AEB101-539E-4951-8E4C-8B8C626AE85D}"
EndProject
Global
	GlobalSection(SolutionConfigurationPlatforms) = preSolution
		Debug|Any CPU = Debug|Any CPU
		Release|Any CPU = Release|Any CPU
	EndGlobalSection
	GlobalSection(ProjectConfigurationPlatforms) = postSolution
		{83AEB101-539E-4951-8E4C-8B8C626AE85D}.Debug|Any CPU.ActiveCfg = Debug|Any CPU
		{83AEB101-539E-4951-8E4C-8B8C626AE85D}.Debug|Any CPU.Build.0 = Debug|Any CPU
		{83AEB101-539E-4951-8E4C-8B8C626AE85D}.Release|Any CPU.ActiveCfg = Release|Any CPU
		{83AEB101-539E-4951-8E4C-8B8C626AE85D}.Release|Any CPU.Build.0 = Release|Any CPU
	EndGlobalSection
	GlobalSection(SolutionProperties) = preSolution
		HideSolutionNode = FALSE
	EndGlobalSection
	GlobalSection(ExtensibilityGlobals) = postSolution
		SolutionGuid = {987F4858-A343-43CF-A73C-0C67B792F92B}
	EndGlobalSection
EndGlobal
